
Microsoft Visual Studio Solution File, Format Version 12.00
# Visual Studio Version 17
VisualStudioVersion = 17.8.34330.188
MinimumVisualStudioVersion = 10.0.40219.1
Project("{FAE04EC0-301F-11D3-BF4B-00C04F79EFBC}") = "Inlämning 1 Kurslista", "Inlämning 1 Kurslista\Inlämning 1 Kurslista.csproj", "{750264BE-B9EF-44F7-8325-9B34FFF59B07}"
EndProject
Global
	GlobalSection(SolutionConfigurationPlatforms) = preSolution
		Debug|Any CPU = Debug|Any CPU
		Release|Any CPU = Release|Any CPU
	EndGlobalSection
	GlobalSection(ProjectConfigurationPlatforms) = postSolution
		{750264BE-B9EF-44F7-8325-9B34FFF59B07}.Debug|Any CPU.ActiveCfg = Debug|Any CPU
		{750264BE-B9EF-44F7-8325-9B34FFF59B07}.Debug|Any CPU.Build.0 = Debug|Any CPU
		{750264BE-B9EF-44F7-8325-9B34FFF59B07}.Release|Any CPU.ActiveCfg = Release|Any CPU
		{750264BE-B9EF-44F7-8325-9B34FFF59B07}.Release|Any CPU.Build.0 = Release|Any CPU
	EndGlobalSection
	GlobalSection(SolutionProperties) = preSolution
		HideSolutionNode = FALSE
	EndGlobalSection
	GlobalSection(ExtensibilityGlobals) = postSolution
		SolutionGuid = {3E246D90-65F3-4B36-9415-FE3DD12B6FB4}
	EndGlobalSection
EndGlobal
